// !$*UTF8*$!
{
	archiveVersion = 1;
	classes = {
	};
	objectVersion = 51;
	objects = {

/* Begin PBXBuildFile section */
		02E2C17D36BAB042DB017874 /* Pods_Encryption.framework in Frameworks */ = {isa = PBXBuildFile; fileRef = 3A0AEA1E5AF1CCFFC09D44B1 /* Pods_Encryption.framework */; };
		18150141234E12C50054CAF7 /* EncryptionTests.swift in Sources */ = {isa = PBXBuildFile; fileRef = 18FB9E4322854E6B008DEBF9 /* EncryptionTests.swift */; };
		18BC6977232A170300DDABFA /* Data+SHA.swift in Sources */ = {isa = PBXBuildFile; fileRef = 18BC68F42329F2E900DDABFA /* Data+SHA.swift */; };
		18BC6978232A170300DDABFA /* DataWrapper.swift in Sources */ = {isa = PBXBuildFile; fileRef = 18BC68F62329FDAA00DDABFA /* DataWrapper.swift */; };
		18BC697A232A170300DDABFA /* Asn1Parser.swift in Sources */ = {isa = PBXBuildFile; fileRef = 18BC68BE2329F17400DDABFA /* Asn1Parser.swift */; };
		18BC697B232A170300DDABFA /* Signature.swift in Sources */ = {isa = PBXBuildFile; fileRef = 18BC68BF2329F17400DDABFA /* Signature.swift */; };
		18BC697C232A170300DDABFA /* PrivateKey.swift in Sources */ = {isa = PBXBuildFile; fileRef = 18BC68C02329F17400DDABFA /* PrivateKey.swift */; };
		18BC697F232A170300DDABFA /* SwiftyRSAError.swift in Sources */ = {isa = PBXBuildFile; fileRef = 18BC68C62329F17400DDABFA /* SwiftyRSAError.swift */; };
		18BC6981232A170800DDABFA /* EncryptedMessage.swift in Sources */ = {isa = PBXBuildFile; fileRef = 18BC68BA2329F17400DDABFA /* EncryptedMessage.swift */; };
		18BC6982232A170800DDABFA /* ClearMessage.swift in Sources */ = {isa = PBXBuildFile; fileRef = 18BC68BC2329F17400DDABFA /* ClearMessage.swift */; };
		18BC6984232A1AE900DDABFA /* ClearMessage+Sign.swift in Sources */ = {isa = PBXBuildFile; fileRef = 18BC6983232A1AE900DDABFA /* ClearMessage+Sign.swift */; };
		18BC6986232A338600DDABFA /* Key.swift in Sources */ = {isa = PBXBuildFile; fileRef = 18BC68C12329F17400DDABFA /* Key.swift */; };
		18BC6987232A339800DDABFA /* PublicKey.swift in Sources */ = {isa = PBXBuildFile; fileRef = 18BC68B92329F17400DDABFA /* PublicKey.swift */; };
		18BC698D232A3D1B00DDABFA /* Format.swift in Sources */ = {isa = PBXBuildFile; fileRef = 18BC698C232A3D1B00DDABFA /* Format.swift */; };
		18BC698F232A3EBD00DDABFA /* Key+Security.swift in Sources */ = {isa = PBXBuildFile; fileRef = 18BC698E232A3EBD00DDABFA /* Key+Security.swift */; };
		18BC6991232A405400DDABFA /* Key+Generate.swift in Sources */ = {isa = PBXBuildFile; fileRef = 18BC6990232A405400DDABFA /* Key+Generate.swift */; };
		18BC6A9C232A500000DDABFA /* Keychain.swift in Sources */ = {isa = PBXBuildFile; fileRef = 18BC6A9B232A500000DDABFA /* Keychain.swift */; };
		18BC6A9E232A514D00DDABFA /* KeychainQuery.swift in Sources */ = {isa = PBXBuildFile; fileRef = 18BC6A9D232A514D00DDABFA /* KeychainQuery.swift */; };
		18BC6AA0232A537800DDABFA /* KeychainError.swift in Sources */ = {isa = PBXBuildFile; fileRef = 18BC6A9F232A537800DDABFA /* KeychainError.swift */; };
		18BC6AA2232A67FE00DDABFA /* KeychainQueryInfo.swift in Sources */ = {isa = PBXBuildFile; fileRef = 18BC6AA1232A67FE00DDABFA /* KeychainQueryInfo.swift */; };
		C9FB07CF2179B25E00041EF1 /* AppDelegate.swift in Sources */ = {isa = PBXBuildFile; fileRef = C9FB07CE2179B25E00041EF1 /* AppDelegate.swift */; };
		C9FB07D12179B25E00041EF1 /* ViewController.swift in Sources */ = {isa = PBXBuildFile; fileRef = C9FB07D02179B25E00041EF1 /* ViewController.swift */; };
		C9FB07D42179B25E00041EF1 /* Main.storyboard in Resources */ = {isa = PBXBuildFile; fileRef = C9FB07D22179B25E00041EF1 /* Main.storyboard */; };
		C9FB07D62179B26000041EF1 /* Assets.xcassets in Resources */ = {isa = PBXBuildFile; fileRef = C9FB07D52179B26000041EF1 /* Assets.xcassets */; };
		C9FB07D92179B26000041EF1 /* LaunchScreen.storyboard in Resources */ = {isa = PBXBuildFile; fileRef = C9FB07D72179B26000041EF1 /* LaunchScreen.storyboard */; };
		C9FB084B2179B2B600041EF1 /* String+RSA.swift in Sources */ = {isa = PBXBuildFile; fileRef = C9FB08422179B2B600041EF1 /* String+RSA.swift */; };
		C9FB084C2179B2B600041EF1 /* Dictionary+RSA.swift in Sources */ = {isa = PBXBuildFile; fileRef = C9FB08432179B2B600041EF1 /* Dictionary+RSA.swift */; };
		C9FB084F2179B32700041EF1 /* Params.swift in Sources */ = {isa = PBXBuildFile; fileRef = C9FB084E2179B32700041EF1 /* Params.swift */; };
		C9FB08512179B44000041EF1 /* URLRequest.swift in Sources */ = {isa = PBXBuildFile; fileRef = C9FB08502179B44000041EF1 /* URLRequest.swift */; };
		C9FB08532179B46F00041EF1 /* String+Encrypt.swift in Sources */ = {isa = PBXBuildFile; fileRef = C9FB08522179B46F00041EF1 /* String+Encrypt.swift */; };
		C9FB086B2179B73900041EF1 /* Encryption.podspec in Resources */ = {isa = PBXBuildFile; fileRef = C9FB086A2179B73900041EF1 /* Encryption.podspec */; };
/* End PBXBuildFile section */

/* Begin PBXContainerItemProxy section */
		180A051222EA953000AC7D19 /* PBXContainerItemProxy */ = {
			isa = PBXContainerItemProxy;
			containerPortal = C9FB07C32179B25E00041EF1 /* Project object */;
			proxyType = 1;
			remoteGlobalIDString = C9FB07CA2179B25E00041EF1;
			remoteInfo = Encryption;
		};
/* End PBXContainerItemProxy section */

/* Begin PBXCopyFilesBuildPhase section */
		18BC68E82329F1EB00DDABFA /* Embed Frameworks */ = {
			isa = PBXCopyFilesBuildPhase;
			buildActionMask = 2147483647;
			dstPath = "";
			dstSubfolderSpec = 10;
			files = (
			);
			name = "Embed Frameworks";
			runOnlyForDeploymentPostprocessing = 0;
		};
/* End PBXCopyFilesBuildPhase section */

/* Begin PBXFileReference section */
		180A050D22EA953000AC7D19 /* EncryptionTests.xctest */ = {isa = PBXFileReference; explicitFileType = wrapper.cfbundle; includeInIndex = 0; path = EncryptionTests.xctest; sourceTree = BUILT_PRODUCTS_DIR; };
		18BC68B92329F17400DDABFA /* PublicKey.swift */ = {isa = PBXFileReference; fileEncoding = 4; lastKnownFileType = sourcecode.swift; path = PublicKey.swift; sourceTree = "<group>"; };
		18BC68BA2329F17400DDABFA /* EncryptedMessage.swift */ = {isa = PBXFileReference; fileEncoding = 4; lastKnownFileType = sourcecode.swift; path = EncryptedMessage.swift; sourceTree = "<group>"; };
		18BC68BC2329F17400DDABFA /* ClearMessage.swift */ = {isa = PBXFileReference; fileEncoding = 4; lastKnownFileType = sourcecode.swift; path = ClearMessage.swift; sourceTree = "<group>"; };
		18BC68BE2329F17400DDABFA /* Asn1Parser.swift */ = {isa = PBXFileReference; fileEncoding = 4; lastKnownFileType = sourcecode.swift; path = Asn1Parser.swift; sourceTree = "<group>"; };
		18BC68BF2329F17400DDABFA /* Signature.swift */ = {isa = PBXFileReference; fileEncoding = 4; lastKnownFileType = sourcecode.swift; path = Signature.swift; sourceTree = "<group>"; };
		18BC68C02329F17400DDABFA /* PrivateKey.swift */ = {isa = PBXFileReference; fileEncoding = 4; lastKnownFileType = sourcecode.swift; path = PrivateKey.swift; sourceTree = "<group>"; };
		18BC68C12329F17400DDABFA /* Key.swift */ = {isa = PBXFileReference; fileEncoding = 4; lastKnownFileType = sourcecode.swift; path = Key.swift; sourceTree = "<group>"; };
		18BC68C62329F17400DDABFA /* SwiftyRSAError.swift */ = {isa = PBXFileReference; fileEncoding = 4; lastKnownFileType = sourcecode.swift; path = SwiftyRSAError.swift; sourceTree = "<group>"; };
		18BC68F42329F2E900DDABFA /* Data+SHA.swift */ = {isa = PBXFileReference; lastKnownFileType = sourcecode.swift; path = "Data+SHA.swift"; sourceTree = "<group>"; };
		18BC68F62329FDAA00DDABFA /* DataWrapper.swift */ = {isa = PBXFileReference; lastKnownFileType = sourcecode.swift; path = DataWrapper.swift; sourceTree = "<group>"; };
		18BC6983232A1AE900DDABFA /* ClearMessage+Sign.swift */ = {isa = PBXFileReference; lastKnownFileType = sourcecode.swift; path = "ClearMessage+Sign.swift"; sourceTree = "<group>"; };
		18BC698C232A3D1B00DDABFA /* Format.swift */ = {isa = PBXFileReference; lastKnownFileType = sourcecode.swift; path = Format.swift; sourceTree = "<group>"; };
		18BC698E232A3EBD00DDABFA /* Key+Security.swift */ = {isa = PBXFileReference; lastKnownFileType = sourcecode.swift; path = "Key+Security.swift"; sourceTree = "<group>"; };
		18BC6990232A405400DDABFA /* Key+Generate.swift */ = {isa = PBXFileReference; lastKnownFileType = sourcecode.swift; path = "Key+Generate.swift"; sourceTree = "<group>"; };
		18BC6A9B232A500000DDABFA /* Keychain.swift */ = {isa = PBXFileReference; lastKnownFileType = sourcecode.swift; path = Keychain.swift; sourceTree = "<group>"; };
		18BC6A9D232A514D00DDABFA /* KeychainQuery.swift */ = {isa = PBXFileReference; lastKnownFileType = sourcecode.swift; path = KeychainQuery.swift; sourceTree = "<group>"; };
		18BC6A9F232A537800DDABFA /* KeychainError.swift */ = {isa = PBXFileReference; lastKnownFileType = sourcecode.swift; path = KeychainError.swift; sourceTree = "<group>"; };
		18BC6AA1232A67FE00DDABFA /* KeychainQueryInfo.swift */ = {isa = PBXFileReference; lastKnownFileType = sourcecode.swift; path = KeychainQueryInfo.swift; sourceTree = "<group>"; };
		18FB9E4322854E6B008DEBF9 /* EncryptionTests.swift */ = {isa = PBXFileReference; lastKnownFileType = sourcecode.swift; path = EncryptionTests.swift; sourceTree = "<group>"; };
		18FB9E4522854E6B008DEBF9 /* Info.plist */ = {isa = PBXFileReference; lastKnownFileType = text.plist.xml; path = Info.plist; sourceTree = "<group>"; };
		3A0AEA1E5AF1CCFFC09D44B1 /* Pods_Encryption.framework */ = {isa = PBXFileReference; explicitFileType = wrapper.framework; includeInIndex = 0; path = Pods_Encryption.framework; sourceTree = BUILT_PRODUCTS_DIR; };
		484E5D963D292C1E13CC5F09 /* Pods-Encryption.release.xcconfig */ = {isa = PBXFileReference; includeInIndex = 1; lastKnownFileType = text.xcconfig; name = "Pods-Encryption.release.xcconfig"; path = "Target Support Files/Pods-Encryption/Pods-Encryption.release.xcconfig"; sourceTree = "<group>"; };
		AE443506F7728890BD7C7BD3 /* Pods-Encryption.debug.xcconfig */ = {isa = PBXFileReference; includeInIndex = 1; lastKnownFileType = text.xcconfig; name = "Pods-Encryption.debug.xcconfig"; path = "Target Support Files/Pods-Encryption/Pods-Encryption.debug.xcconfig"; sourceTree = "<group>"; };
		C9FB07CB2179B25E00041EF1 /* Encryption.app */ = {isa = PBXFileReference; explicitFileType = wrapper.application; includeInIndex = 0; path = Encryption.app; sourceTree = BUILT_PRODUCTS_DIR; };
		C9FB07CE2179B25E00041EF1 /* AppDelegate.swift */ = {isa = PBXFileReference; lastKnownFileType = sourcecode.swift; path = AppDelegate.swift; sourceTree = "<group>"; };
		C9FB07D02179B25E00041EF1 /* ViewController.swift */ = {isa = PBXFileReference; lastKnownFileType = sourcecode.swift; path = ViewController.swift; sourceTree = "<group>"; };
		C9FB07D32179B25E00041EF1 /* Base */ = {isa = PBXFileReference; lastKnownFileType = file.storyboard; name = Base; path = Base.lproj/Main.storyboard; sourceTree = "<group>"; };
		C9FB07D52179B26000041EF1 /* Assets.xcassets */ = {isa = PBXFileReference; lastKnownFileType = folder.assetcatalog; path = Assets.xcassets; sourceTree = "<group>"; };
		C9FB07D82179B26000041EF1 /* Base */ = {isa = PBXFileReference; lastKnownFileType = file.storyboard; name = Base; path = Base.lproj/LaunchScreen.storyboard; sourceTree = "<group>"; };
		C9FB07DA2179B26000041EF1 /* Info.plist */ = {isa = PBXFileReference; lastKnownFileType = text.plist.xml; path = Info.plist; sourceTree = "<group>"; };
		C9FB08422179B2B600041EF1 /* String+RSA.swift */ = {isa = PBXFileReference; fileEncoding = 4; lastKnownFileType = sourcecode.swift; path = "String+RSA.swift"; sourceTree = "<group>"; };
		C9FB08432179B2B600041EF1 /* Dictionary+RSA.swift */ = {isa = PBXFileReference; fileEncoding = 4; lastKnownFileType = sourcecode.swift; path = "Dictionary+RSA.swift"; sourceTree = "<group>"; };
		C9FB084E2179B32700041EF1 /* Params.swift */ = {isa = PBXFileReference; fileEncoding = 4; lastKnownFileType = sourcecode.swift; path = Params.swift; sourceTree = "<group>"; };
		C9FB08502179B44000041EF1 /* URLRequest.swift */ = {isa = PBXFileReference; fileEncoding = 4; lastKnownFileType = sourcecode.swift; path = URLRequest.swift; sourceTree = "<group>"; };
		C9FB08522179B46F00041EF1 /* String+Encrypt.swift */ = {isa = PBXFileReference; fileEncoding = 4; lastKnownFileType = sourcecode.swift; path = "String+Encrypt.swift"; sourceTree = "<group>"; };
		C9FB086A2179B73900041EF1 /* Encryption.podspec */ = {isa = PBXFileReference; fileEncoding = 4; lastKnownFileType = text; path = Encryption.podspec; sourceTree = "<group>"; xcLanguageSpecificationIdentifier = xcode.lang.ruby; };
/* End PBXFileReference section */

/* Begin PBXFrameworksBuildPhase section */
		180A050A22EA953000AC7D19 /* Frameworks */ = {
			isa = PBXFrameworksBuildPhase;
			buildActionMask = 2147483647;
			files = (
			);
			runOnlyForDeploymentPostprocessing = 0;
		};
		C9FB07C82179B25E00041EF1 /* Frameworks */ = {
			isa = PBXFrameworksBuildPhase;
			buildActionMask = 2147483647;
			files = (
				02E2C17D36BAB042DB017874 /* Pods_Encryption.framework in Frameworks */,
			);
			runOnlyForDeploymentPostprocessing = 0;
		};
/* End PBXFrameworksBuildPhase section */

/* Begin PBXGroup section */
		18BC68D62329F1AF00DDABFA /* Message */ = {
			isa = PBXGroup;
			children = (
				18BC68BA2329F17400DDABFA /* EncryptedMessage.swift */,
				18BC68BC2329F17400DDABFA /* ClearMessage.swift */,
				18BC6983232A1AE900DDABFA /* ClearMessage+Sign.swift */,
				18BC68BF2329F17400DDABFA /* Signature.swift */,
			);
			path = Message;
			sourceTree = "<group>";
		};
		18BC68DD2329F1EB00DDABFA /* SwiftyRSA */ = {
			isa = PBXGroup;
			children = (
				18BC6985232A326400DDABFA /* Key */,
				18BC68D62329F1AF00DDABFA /* Message */,
				18BC68F42329F2E900DDABFA /* Data+SHA.swift */,
				18BC698C232A3D1B00DDABFA /* Format.swift */,
				18BC68F62329FDAA00DDABFA /* DataWrapper.swift */,
				18BC68BE2329F17400DDABFA /* Asn1Parser.swift */,
				18BC68C62329F17400DDABFA /* SwiftyRSAError.swift */,
			);
			path = SwiftyRSA;
			sourceTree = "<group>";
		};
		18BC6985232A326400DDABFA /* Key */ = {
			isa = PBXGroup;
			children = (
				18BC68B92329F17400DDABFA /* PublicKey.swift */,
				18BC68C02329F17400DDABFA /* PrivateKey.swift */,
				18BC68C12329F17400DDABFA /* Key.swift */,
				18BC698E232A3EBD00DDABFA /* Key+Security.swift */,
				18BC6990232A405400DDABFA /* Key+Generate.swift */,
			);
			path = Key;
			sourceTree = "<group>";
		};
		18BC6A9A232A4FE100DDABFA /* Keychain */ = {
			isa = PBXGroup;
			children = (
				18BC6A9B232A500000DDABFA /* Keychain.swift */,
				18BC6A9D232A514D00DDABFA /* KeychainQuery.swift */,
				18BC6AA1232A67FE00DDABFA /* KeychainQueryInfo.swift */,
				18BC6A9F232A537800DDABFA /* KeychainError.swift */,
			);
			path = Keychain;
			sourceTree = "<group>";
		};
		18FB9E4222854E6B008DEBF9 /* EncryptionTests */ = {
			isa = PBXGroup;
			children = (
				18FB9E4322854E6B008DEBF9 /* EncryptionTests.swift */,
				18FB9E4522854E6B008DEBF9 /* Info.plist */,
			);
			path = EncryptionTests;
			sourceTree = "<group>";
		};
		836B382BE7A3C2DDCD53D451 /* Pods */ = {
			isa = PBXGroup;
			children = (
				AE443506F7728890BD7C7BD3 /* Pods-Encryption.debug.xcconfig */,
				484E5D963D292C1E13CC5F09 /* Pods-Encryption.release.xcconfig */,
			);
			path = Pods;
			sourceTree = "<group>";
		};
		C91E82A00953CBD13E59914E /* Frameworks */ = {
			isa = PBXGroup;
			children = (
				3A0AEA1E5AF1CCFFC09D44B1 /* Pods_Encryption.framework */,
			);
			name = Frameworks;
			sourceTree = "<group>";
		};
		C9FB07C22179B25E00041EF1 = {
			isa = PBXGroup;
			children = (
				C9FB086A2179B73900041EF1 /* Encryption.podspec */,
				C9FB07E02179B28600041EF1 /* Sources */,
				C9FB07CD2179B25E00041EF1 /* Encryption */,
				18FB9E4222854E6B008DEBF9 /* EncryptionTests */,
				C9FB07CC2179B25E00041EF1 /* Products */,
				836B382BE7A3C2DDCD53D451 /* Pods */,
				C91E82A00953CBD13E59914E /* Frameworks */,
			);
			sourceTree = "<group>";
		};
		C9FB07CC2179B25E00041EF1 /* Products */ = {
			isa = PBXGroup;
			children = (
				C9FB07CB2179B25E00041EF1 /* Encryption.app */,
				180A050D22EA953000AC7D19 /* EncryptionTests.xctest */,
			);
			name = Products;
			sourceTree = "<group>";
		};
		C9FB07CD2179B25E00041EF1 /* Encryption */ = {
			isa = PBXGroup;
			children = (
				C9FB07CE2179B25E00041EF1 /* AppDelegate.swift */,
				C9FB07D02179B25E00041EF1 /* ViewController.swift */,
				C9FB07D22179B25E00041EF1 /* Main.storyboard */,
				C9FB07D52179B26000041EF1 /* Assets.xcassets */,
				C9FB07D72179B26000041EF1 /* LaunchScreen.storyboard */,
				C9FB07DA2179B26000041EF1 /* Info.plist */,
			);
			path = Encryption;
			sourceTree = "<group>";
		};
		C9FB07E02179B28600041EF1 /* Sources */ = {
			isa = PBXGroup;
			children = (
				18BC6A9A232A4FE100DDABFA /* Keychain */,
				18BC68DD2329F1EB00DDABFA /* SwiftyRSA */,
				C9FB08432179B2B600041EF1 /* Dictionary+RSA.swift */,
				C9FB08422179B2B600041EF1 /* String+RSA.swift */,
				C9FB08522179B46F00041EF1 /* String+Encrypt.swift */,
				C9FB08502179B44000041EF1 /* URLRequest.swift */,
				C9FB084E2179B32700041EF1 /* Params.swift */,
			);
			path = Sources;
			sourceTree = "<group>";
		};
/* End PBXGroup section */

/* Begin PBXNativeTarget section */
		180A050C22EA953000AC7D19 /* EncryptionTests */ = {
			isa = PBXNativeTarget;
			buildConfigurationList = 180A051422EA953000AC7D19 /* Build configuration list for PBXNativeTarget "EncryptionTests" */;
			buildPhases = (
				180A050922EA953000AC7D19 /* Sources */,
				180A050A22EA953000AC7D19 /* Frameworks */,
				180A050B22EA953000AC7D19 /* Resources */,
			);
			buildRules = (
			);
			dependencies = (
				180A051322EA953000AC7D19 /* PBXTargetDependency */,
			);
			name = EncryptionTests;
			productName = EncryptionTests;
			productReference = 180A050D22EA953000AC7D19 /* EncryptionTests.xctest */;
			productType = "com.apple.product-type.bundle.unit-test";
		};
		C9FB07CA2179B25E00041EF1 /* Encryption */ = {
			isa = PBXNativeTarget;
			buildConfigurationList = C9FB07DD2179B26000041EF1 /* Build configuration list for PBXNativeTarget "Encryption" */;
			buildPhases = (
				2D4FFD7B4E50E0ADE7D1ADBF /* [CP] Check Pods Manifest.lock */,
				C9FB07C72179B25E00041EF1 /* Sources */,
				C9FB07C82179B25E00041EF1 /* Frameworks */,
				C9FB07C92179B25E00041EF1 /* Resources */,
				18BC68E82329F1EB00DDABFA /* Embed Frameworks */,
				4DEBEF4E6C5BF3BF9777760B /* [CP] Embed Pods Frameworks */,
			);
			buildRules = (
			);
			dependencies = (
			);
			name = Encryption;
			productName = Encryption;
			productReference = C9FB07CB2179B25E00041EF1 /* Encryption.app */;
			productType = "com.apple.product-type.application";
		};
/* End PBXNativeTarget section */

/* Begin PBXProject section */
		C9FB07C32179B25E00041EF1 /* Project object */ = {
			isa = PBXProject;
			attributes = {
				LastSwiftUpdateCheck = 1030;
				LastUpgradeCheck = 1010;
				ORGANIZATIONNAME = zjade;
				TargetAttributes = {
					180A050C22EA953000AC7D19 = {
						CreatedOnToolsVersion = 10.3;
						TestTargetID = C9FB07CA2179B25E00041EF1;
					};
					C9FB07CA2179B25E00041EF1 = {
						CreatedOnToolsVersion = 10.1;
						LastSwiftMigration = 1010;
					};
				};
			};
			buildConfigurationList = C9FB07C62179B25E00041EF1 /* Build configuration list for PBXProject "Encryption" */;
			compatibilityVersion = "Xcode 9.3";
			developmentRegion = en;
			hasScannedForEncodings = 0;
			knownRegions = (
				en,
				Base,
			);
			mainGroup = C9FB07C22179B25E00041EF1;
			productRefGroup = C9FB07CC2179B25E00041EF1 /* Products */;
			projectDirPath = "";
			projectRoot = "";
			targets = (
				C9FB07CA2179B25E00041EF1 /* Encryption */,
				180A050C22EA953000AC7D19 /* EncryptionTests */,
			);
		};
/* End PBXProject section */

/* Begin PBXResourcesBuildPhase section */
		180A050B22EA953000AC7D19 /* Resources */ = {
			isa = PBXResourcesBuildPhase;
			buildActionMask = 2147483647;
			files = (
			);
			runOnlyForDeploymentPostprocessing = 0;
		};
		C9FB07C92179B25E00041EF1 /* Resources */ = {
			isa = PBXResourcesBuildPhase;
			buildActionMask = 2147483647;
			files = (
				C9FB086B2179B73900041EF1 /* Encryption.podspec in Resources */,
				C9FB07D92179B26000041EF1 /* LaunchScreen.storyboard in Resources */,
				C9FB07D62179B26000041EF1 /* Assets.xcassets in Resources */,
				C9FB07D42179B25E00041EF1 /* Main.storyboard in Resources */,
			);
			runOnlyForDeploymentPostprocessing = 0;
		};
/* End PBXResourcesBuildPhase section */

/* Begin PBXShellScriptBuildPhase section */
		2D4FFD7B4E50E0ADE7D1ADBF /* [CP] Check Pods Manifest.lock */ = {
			isa = PBXShellScriptBuildPhase;
			buildActionMask = 2147483647;
			files = (
			);
			inputFileListPaths = (
			);
			inputPaths = (
				"${PODS_PODFILE_DIR_PATH}/Podfile.lock",
				"${PODS_ROOT}/Manifest.lock",
			);
			name = "[CP] Check Pods Manifest.lock";
			outputFileListPaths = (
			);
			outputPaths = (
				"$(DERIVED_FILE_DIR)/Pods-Encryption-checkManifestLockResult.txt",
			);
			runOnlyForDeploymentPostprocessing = 0;
			shellPath = /bin/sh;
			shellScript = "diff \"${PODS_PODFILE_DIR_PATH}/Podfile.lock\" \"${PODS_ROOT}/Manifest.lock\" > /dev/null\nif [ $? != 0 ] ; then\n    # print error to STDERR\n    echo \"error: The sandbox is not in sync with the Podfile.lock. Run 'pod install' or update your CocoaPods installation.\" >&2\n    exit 1\nfi\n# This output is used by Xcode 'outputs' to avoid re-running this script phase.\necho \"SUCCESS\" > \"${SCRIPT_OUTPUT_FILE_0}\"\n";
			showEnvVarsInLog = 0;
		};
		4DEBEF4E6C5BF3BF9777760B /* [CP] Embed Pods Frameworks */ = {
			isa = PBXShellScriptBuildPhase;
			buildActionMask = 2147483647;
			files = (
			);
			inputFileListPaths = (
				"${PODS_ROOT}/Target Support Files/Pods-Encryption/Pods-Encryption-frameworks-${CONFIGURATION}-input-files.xcfilelist",
			);
			name = "[CP] Embed Pods Frameworks";
			outputFileListPaths = (
				"${PODS_ROOT}/Target Support Files/Pods-Encryption/Pods-Encryption-frameworks-${CONFIGURATION}-output-files.xcfilelist",
			);
			runOnlyForDeploymentPostprocessing = 0;
			shellPath = /bin/sh;
			shellScript = "\"${PODS_ROOT}/Target Support Files/Pods-Encryption/Pods-Encryption-frameworks.sh\"\n";
			showEnvVarsInLog = 0;
		};
/* End PBXShellScriptBuildPhase section */

/* Begin PBXSourcesBuildPhase section */
		180A050922EA953000AC7D19 /* Sources */ = {
			isa = PBXSourcesBuildPhase;
			buildActionMask = 2147483647;
			files = (
				18150141234E12C50054CAF7 /* EncryptionTests.swift in Sources */,
			);
			runOnlyForDeploymentPostprocessing = 0;
		};
		C9FB07C72179B25E00041EF1 /* Sources */ = {
			isa = PBXSourcesBuildPhase;
			buildActionMask = 2147483647;
			files = (
				18BC697B232A170300DDABFA /* Signature.swift in Sources */,
				18BC6986232A338600DDABFA /* Key.swift in Sources */,
				18BC6A9E232A514D00DDABFA /* KeychainQuery.swift in Sources */,
				C9FB07D12179B25E00041EF1 /* ViewController.swift in Sources */,
				18BC6AA0232A537800DDABFA /* KeychainError.swift in Sources */,
				18BC6978232A170300DDABFA /* DataWrapper.swift in Sources */,
				18BC697F232A170300DDABFA /* SwiftyRSAError.swift in Sources */,
				18BC6A9C232A500000DDABFA /* Keychain.swift in Sources */,
				18BC698D232A3D1B00DDABFA /* Format.swift in Sources */,
				C9FB084C2179B2B600041EF1 /* Dictionary+RSA.swift in Sources */,
				18BC697A232A170300DDABFA /* Asn1Parser.swift in Sources */,
				18BC698F232A3EBD00DDABFA /* Key+Security.swift in Sources */,
				18BC6977232A170300DDABFA /* Data+SHA.swift in Sources */,
				18BC6987232A339800DDABFA /* PublicKey.swift in Sources */,
				C9FB084F2179B32700041EF1 /* Params.swift in Sources */,
				18BC6982232A170800DDABFA /* ClearMessage.swift in Sources */,
				18BC6981232A170800DDABFA /* EncryptedMessage.swift in Sources */,
				18BC6991232A405400DDABFA /* Key+Generate.swift in Sources */,
				18BC6AA2232A67FE00DDABFA /* KeychainQueryInfo.swift in Sources */,
				18BC6984232A1AE900DDABFA /* ClearMessage+Sign.swift in Sources */,
				C9FB08532179B46F00041EF1 /* String+Encrypt.swift in Sources */,
				C9FB07CF2179B25E00041EF1 /* AppDelegate.swift in Sources */,
				C9FB08512179B44000041EF1 /* URLRequest.swift in Sources */,
				C9FB084B2179B2B600041EF1 /* String+RSA.swift in Sources */,
				18BC697C232A170300DDABFA /* PrivateKey.swift in Sources */,
			);
			runOnlyForDeploymentPostprocessing = 0;
		};
/* End PBXSourcesBuildPhase section */

/* Begin PBXTargetDependency section */
		180A051322EA953000AC7D19 /* PBXTargetDependency */ = {
			isa = PBXTargetDependency;
			target = C9FB07CA2179B25E00041EF1 /* Encryption */;
			targetProxy = 180A051222EA953000AC7D19 /* PBXContainerItemProxy */;
		};
/* End PBXTargetDependency section */

/* Begin PBXVariantGroup section */
		C9FB07D22179B25E00041EF1 /* Main.storyboard */ = {
			isa = PBXVariantGroup;
			children = (
				C9FB07D32179B25E00041EF1 /* Base */,
			);
			name = Main.storyboard;
			sourceTree = "<group>";
		};
		C9FB07D72179B26000041EF1 /* LaunchScreen.storyboard */ = {
			isa = PBXVariantGroup;
			children = (
				C9FB07D82179B26000041EF1 /* Base */,
			);
			name = LaunchScreen.storyboard;
			sourceTree = "<group>";
		};
/* End PBXVariantGroup section */

/* Begin XCBuildConfiguration section */
		180A051522EA953000AC7D19 /* Debug */ = {
			isa = XCBuildConfiguration;
			buildSettings = {
				BUNDLE_LOADER = "$(TEST_HOST)";
				CODE_SIGN_STYLE = Automatic;
				INFOPLIST_FILE = EncryptionTests/Info.plist;
				IPHONEOS_DEPLOYMENT_TARGET = 12.4;
				LD_RUNPATH_SEARCH_PATHS = (
					"$(inherited)",
					"@executable_path/Frameworks",
					"@loader_path/Frameworks",
				);
				PRODUCT_BUNDLE_IDENTIFIER = com.zjade.EncryptionTests;
				PRODUCT_NAME = "$(TARGET_NAME)";
				SWIFT_VERSION = 5.0;
				TARGETED_DEVICE_FAMILY = "1,2";
				TEST_HOST = "$(BUILT_PRODUCTS_DIR)/Encryption.app/Encryption";
			};
			name = Debug;
		};
		180A051622EA953000AC7D19 /* Release */ = {
			isa = XCBuildConfiguration;
			buildSettings = {
				BUNDLE_LOADER = "$(TEST_HOST)";
				CODE_SIGN_STYLE = Automatic;
				INFOPLIST_FILE = EncryptionTests/Info.plist;
				IPHONEOS_DEPLOYMENT_TARGET = 12.4;
				LD_RUNPATH_SEARCH_PATHS = (
					"$(inherited)",
					"@executable_path/Frameworks",
					"@loader_path/Frameworks",
				);
				PRODUCT_BUNDLE_IDENTIFIER = com.zjade.EncryptionTests;
				PRODUCT_NAME = "$(TARGET_NAME)";
				SWIFT_VERSION = 5.0;
				TARGETED_DEVICE_FAMILY = "1,2";
				TEST_HOST = "$(BUILT_PRODUCTS_DIR)/Encryption.app/Encryption";
			};
			name = Release;
		};
		C9FB07DB2179B26000041EF1 /* Debug */ = {
			isa = XCBuildConfiguration;
			buildSettings = {
				ALWAYS_SEARCH_USER_PATHS = NO;
				CLANG_ANALYZER_NONNULL = YES;
				CLANG_ANALYZER_NUMBER_OBJECT_CONVERSION = YES_AGGRESSIVE;
				CLANG_CXX_LANGUAGE_STANDARD = "gnu++14";
				CLANG_CXX_LIBRARY = "libc++";
				CLANG_ENABLE_MODULES = YES;
				CLANG_ENABLE_OBJC_ARC = YES;
				CLANG_ENABLE_OBJC_WEAK = YES;
				CLANG_WARN_BLOCK_CAPTURE_AUTORELEASING = YES;
				CLANG_WARN_BOOL_CONVERSION = YES;
				CLANG_WARN_COMMA = YES;
				CLANG_WARN_CONSTANT_CONVERSION = YES;
				CLANG_WARN_DEPRECATED_OBJC_IMPLEMENTATIONS = YES;
				CLANG_WARN_DIRECT_OBJC_ISA_USAGE = YES_ERROR;
				CLANG_WARN_DOCUMENTATION_COMMENTS = YES;
				CLANG_WARN_EMPTY_BODY = YES;
				CLANG_WARN_ENUM_CONVERSION = YES;
				CLANG_WARN_INFINITE_RECURSION = YES;
				CLANG_WARN_INT_CONVERSION = YES;
				CLANG_WARN_NON_LITERAL_NULL_CONVERSION = YES;
				CLANG_WARN_OBJC_IMPLICIT_RETAIN_SELF = YES;
				CLANG_WARN_OBJC_LITERAL_CONVERSION = YES;
				CLANG_WARN_OBJC_ROOT_CLASS = YES_ERROR;
				CLANG_WARN_RANGE_LOOP_ANALYSIS = YES;
				CLANG_WARN_STRICT_PROTOTYPES = YES;
				CLANG_WARN_SUSPICIOUS_MOVE = YES;
				CLANG_WARN_UNGUARDED_AVAILABILITY = YES_AGGRESSIVE;
				CLANG_WARN_UNREACHABLE_CODE = YES;
				CLANG_WARN__DUPLICATE_METHOD_MATCH = YES;
				CODE_SIGN_IDENTITY = "iPhone Developer";
				COPY_PHASE_STRIP = NO;
				DEBUG_INFORMATION_FORMAT = dwarf;
				ENABLE_STRICT_OBJC_MSGSEND = YES;
				ENABLE_TESTABILITY = YES;
				GCC_C_LANGUAGE_STANDARD = gnu11;
				GCC_DYNAMIC_NO_PIC = NO;
				GCC_NO_COMMON_BLOCKS = YES;
				GCC_OPTIMIZATION_LEVEL = 0;
				GCC_PREPROCESSOR_DEFINITIONS = (
					"DEBUG=1",
					"$(inherited)",
				);
				GCC_WARN_64_TO_32_BIT_CONVERSION = YES;
				GCC_WARN_ABOUT_RETURN_TYPE = YES_ERROR;
				GCC_WARN_UNDECLARED_SELECTOR = YES;
				GCC_WARN_UNINITIALIZED_AUTOS = YES_AGGRESSIVE;
				GCC_WARN_UNUSED_FUNCTION = YES;
				GCC_WARN_UNUSED_VARIABLE = YES;
				IPHONEOS_DEPLOYMENT_TARGET = 10;
				MTL_ENABLE_DEBUG_INFO = INCLUDE_SOURCE;
				MTL_FAST_MATH = YES;
				ONLY_ACTIVE_ARCH = YES;
				SDKROOT = iphoneos;
				SWIFT_ACTIVE_COMPILATION_CONDITIONS = DEBUG;
				SWIFT_OPTIMIZATION_LEVEL = "-Onone";
				SWIFT_VERSION = 5.0;
			};
			name = Debug;
		};
		C9FB07DC2179B26000041EF1 /* Release */ = {
			isa = XCBuildConfiguration;
			buildSettings = {
				ALWAYS_SEARCH_USER_PATHS = NO;
				CLANG_ANALYZER_NONNULL = YES;
				CLANG_ANALYZER_NUMBER_OBJECT_CONVERSION = YES_AGGRESSIVE;
				CLANG_CXX_LANGUAGE_STANDARD = "gnu++14";
				CLANG_CXX_LIBRARY = "libc++";
				CLANG_ENABLE_MODULES = YES;
				CLANG_ENABLE_OBJC_ARC = YES;
				CLANG_ENABLE_OBJC_WEAK = YES;
				CLANG_WARN_BLOCK_CAPTURE_AUTORELEASING = YES;
				CLANG_WARN_BOOL_CONVERSION = YES;
				CLANG_WARN_COMMA = YES;
				CLANG_WARN_CONSTANT_CONVERSION = YES;
				CLANG_WARN_DEPRECATED_OBJC_IMPLEMENTATIONS = YES;
				CLANG_WARN_DIRECT_OBJC_ISA_USAGE = YES_ERROR;
				CLANG_WARN_DOCUMENTATION_COMMENTS = YES;
				CLANG_WARN_EMPTY_BODY = YES;
				CLANG_WARN_ENUM_CONVERSION = YES;
				CLANG_WARN_INFINITE_RECURSION = YES;
				CLANG_WARN_INT_CONVERSION = YES;
				CLANG_WARN_NON_LITERAL_NULL_CONVERSION = YES;
				CLANG_WARN_OBJC_IMPLICIT_RETAIN_SELF = YES;
				CLANG_WARN_OBJC_LITERAL_CONVERSION = YES;
				CLANG_WARN_OBJC_ROOT_CLASS = YES_ERROR;
				CLANG_WARN_RANGE_LOOP_ANALYSIS = YES;
				CLANG_WARN_STRICT_PROTOTYPES = YES;
				CLANG_WARN_SUSPICIOUS_MOVE = YES;
				CLANG_WARN_UNGUARDED_AVAILABILITY = YES_AGGRESSIVE;
				CLANG_WARN_UNREACHABLE_CODE = YES;
				CLANG_WARN__DUPLICATE_METHOD_MATCH = YES;
				CODE_SIGN_IDENTITY = "iPhone Developer";
				COPY_PHASE_STRIP = NO;
				DEBUG_INFORMATION_FORMAT = "dwarf-with-dsym";
				ENABLE_NS_ASSERTIONS = NO;
				ENABLE_STRICT_OBJC_MSGSEND = YES;
				GCC_C_LANGUAGE_STANDARD = gnu11;
				GCC_NO_COMMON_BLOCKS = YES;
				GCC_WARN_64_TO_32_BIT_CONVERSION = YES;
				GCC_WARN_ABOUT_RETURN_TYPE = YES_ERROR;
				GCC_WARN_UNDECLARED_SELECTOR = YES;
				GCC_WARN_UNINITIALIZED_AUTOS = YES_AGGRESSIVE;
				GCC_WARN_UNUSED_FUNCTION = YES;
				GCC_WARN_UNUSED_VARIABLE = YES;
				IPHONEOS_DEPLOYMENT_TARGET = 10;
				MTL_ENABLE_DEBUG_INFO = NO;
				MTL_FAST_MATH = YES;
				SDKROOT = iphoneos;
				SWIFT_COMPILATION_MODE = wholemodule;
				SWIFT_OPTIMIZATION_LEVEL = "-O";
				SWIFT_VERSION = 5.0;
				VALIDATE_PRODUCT = YES;
			};
			name = Release;
		};
		C9FB07DE2179B26000041EF1 /* Debug */ = {
			isa = XCBuildConfiguration;
			baseConfigurationReference = AE443506F7728890BD7C7BD3 /* Pods-Encryption.debug.xcconfig */;
			buildSettings = {
				ALWAYS_EMBED_SWIFT_STANDARD_LIBRARIES = YES;
				ASSETCATALOG_COMPILER_APPICON_NAME = AppIcon;
				CLANG_ENABLE_MODULES = YES;
				CODE_SIGN_IDENTITY = "iPhone Developer";
				CODE_SIGN_STYLE = Automatic;
				DEVELOPMENT_TEAM = 553C2VE52E;
				HEADER_SEARCH_PATHS = "";
				INFOPLIST_FILE = Encryption/Info.plist;
				LD_RUNPATH_SEARCH_PATHS = (
					"$(inherited)",
					"@executable_path/Frameworks",
				);
				LIBRARY_SEARCH_PATHS = "$(inherited)";
				PRODUCT_BUNDLE_IDENTIFIER = com.zjade.Encryption.1;
				PRODUCT_NAME = "$(TARGET_NAME)";
				PROVISIONING_PROFILE_SPECIFIER = "";
				SWIFT_OBJC_BRIDGING_HEADER = "";
				SWIFT_OPTIMIZATION_LEVEL = "-Onone";
				SWIFT_VERSION = 5.0;
				TARGETED_DEVICE_FAMILY = 1;
			};
			name = Debug;
		};
		C9FB07DF2179B26000041EF1 /* Release */ = {
			isa = XCBuildConfiguration;
			baseConfigurationReference = 484E5D963D292C1E13CC5F09 /* Pods-Encryption.release.xcconfig */;
			buildSettings = {
				ALWAYS_EMBED_SWIFT_STANDARD_LIBRARIES = YES;
				ASSETCATALOG_COMPILER_APPICON_NAME = AppIcon;
				CLANG_ENABLE_MODULES = YES;
				CODE_SIGN_IDENTITY = "iPhone Developer";
				CODE_SIGN_STYLE = Automatic;
				DEVELOPMENT_TEAM = 553C2VE52E;
				HEADER_SEARCH_PATHS = "";
				INFOPLIST_FILE = Encryption/Info.plist;
				LD_RUNPATH_SEARCH_PATHS = (
					"$(inherited)",
					"@executable_path/Frameworks",
				);
				LIBRARY_SEARCH_PATHS = "$(inherited)";
				PRODUCT_BUNDLE_IDENTIFIER = com.zjade.Encryption.1;
				PRODUCT_NAME = "$(TARGET_NAME)";
				PROVISIONING_PROFILE_SPECIFIER = "";
				SWIFT_OBJC_BRIDGING_HEADER = "";
				SWIFT_VERSION = 5.0;
				TARGETED_DEVICE_FAMILY = 1;
			};
			name = Release;
		};
/* End XCBuildConfiguration section */

/* Begin XCConfigurationList section */
		180A051422EA953000AC7D19 /* Build configuration list for PBXNativeTarget "EncryptionTests" */ = {
			isa = XCConfigurationList;
			buildConfigurations = (
				180A051522EA953000AC7D19 /* Debug */,
				180A051622EA953000AC7D19 /* Release */,
			);
			defaultConfigurationIsVisible = 0;
			defaultConfigurationName = Release;
		};
		C9FB07C62179B25E00041EF1 /* Build configuration list for PBXProject "Encryption" */ = {
			isa = XCConfigurationList;
			buildConfigurations = (
				C9FB07DB2179B26000041EF1 /* Debug */,
				C9FB07DC2179B26000041EF1 /* Release */,
			);
			defaultConfigurationIsVisible = 0;
			defaultConfigurationName = Release;
		};
		C9FB07DD2179B26000041EF1 /* Build configuration list for PBXNativeTarget "Encryption" */ = {
			isa = XCConfigurationList;
			buildConfigurations = (
				C9FB07DE2179B26000041EF1 /* Debug */,
				C9FB07DF2179B26000041EF1 /* Release */,
			);
			defaultConfigurationIsVisible = 0;
			defaultConfigurationName = Release;
		};
/* End XCConfigurationList section */
	};
	rootObject = C9FB07C32179B25E00041EF1 /* Project object */;
}
